
Microsoft Visual Studio Solution File, Format Version 12.00
# Visual Studio Version 17
VisualStudioVersion = 17.2.32630.192
MinimumVisualStudioVersion = 10.0.40219.1
Project("{9A19103F-16F7-4668-BE54-9A1E7A4F7556}") = "MoodAnalyserDemo", "MoodAnalyserDemo\MoodAnalyserDemo.csproj", "{9ECF066F-571A-4B99-81A0-589D0FF2E570}"
EndProject
Project("{FAE04EC0-301F-11D3-BF4B-00C04F79EFBC}") = "TestProject1", "TestProject1\TestProject1.csproj", "{4CEA1529-BDF5-434E-9BAA-9FA5CA573C9C}"
EndProject
Global
	GlobalSection(SolutionConfigurationPlatforms) = preSolution
		Debug|Any CPU = Debug|Any CPU
		Release|Any CPU = Release|Any CPU
	EndGlobalSection
	GlobalSection(ProjectConfigurationPlatforms) = postSolution
		{9ECF066F-571A-4B99-81A0-589D0FF2E570}.Debug|Any CPU.ActiveCfg = Debug|Any CPU
		{9ECF066F-571A-4B99-81A0-589D0FF2E570}.Debug|Any CPU.Build.0 = Debug|Any CPU
		{9ECF066F-571A-4B99-81A0-589D0FF2E570}.Release|Any CPU.ActiveCfg = Release|Any CPU
		{9ECF066F-571A-4B99-81A0-589D0FF2E570}.Release|Any CPU.Build.0 = Release|Any CPU
		{4CEA1529-BDF5-434E-9BAA-9FA5CA573C9C}.Debug|Any CPU.ActiveCfg = Debug|Any CPU
		{4CEA1529-BDF5-434E-9BAA-9FA5CA573C9C}.Debug|Any CPU.Build.0 = Debug|Any CPU
		{4CEA1529-BDF5-434E-9BAA-9FA5CA573C9C}.Release|Any CPU.ActiveCfg = Release|Any CPU
		{4CEA1529-BDF5-434E-9BAA-9FA5CA573C9C}.Release|Any CPU.Build.0 = Release|Any CPU
	EndGlobalSection
	GlobalSection(SolutionProperties) = preSolution
		HideSolutionNode = FALSE
	EndGlobalSection
	GlobalSection(ExtensibilityGlobals) = postSolution
		SolutionGuid = {843F9FA4-626C-48F8-B762-396FBF817A78}
	EndGlobalSection
EndGlobal
